
Microsoft Visual Studio Solution File, Format Version 12.00
# Visual Studio Version 17
VisualStudioVersion = 17.10.35013.160
MinimumVisualStudioVersion = 10.0.40219.1
Project("{FAE04EC0-301F-11D3-BF4B-00C04F79EFBC}") = "Topic - 3 Variables Programming Assignment", "Topic - 3 Variables Programming Assignment\Topic - 3 Variables Programming Assignment.csproj", "{7B609168-858E-4E4A-BC41-B44FBAA549F9}"
EndProject
Global
	GlobalSection(SolutionConfigurationPlatforms) = preSolution
		Debug|Any CPU = Debug|Any CPU
		Release|Any CPU = Release|Any CPU
	EndGlobalSection
	GlobalSection(ProjectConfigurationPlatforms) = postSolution
		{7B609168-858E-4E4A-BC41-B44FBAA549F9}.Debug|Any CPU.ActiveCfg = Debug|Any CPU
		{7B609168-858E-4E4A-BC41-B44FBAA549F9}.Debug|Any CPU.Build.0 = Debug|Any CPU
		{7B609168-858E-4E4A-BC41-B44FBAA549F9}.Release|Any CPU.ActiveCfg = Release|Any CPU
		{7B609168-858E-4E4A-BC41-B44FBAA549F9}.Release|Any CPU.Build.0 = Release|Any CPU
	EndGlobalSection
	GlobalSection(SolutionProperties) = preSolution
		HideSolutionNode = FALSE
	EndGlobalSection
	GlobalSection(ExtensibilityGlobals) = postSolution
		SolutionGuid = {A7397030-3BB3-416C-B978-BB8E06CD0DA8}
	EndGlobalSection
EndGlobal
